
Microsoft Visual Studio Solution File, Format Version 11.00
# Visual Studio 2010
Project("{FAE04EC0-301F-11D3-BF4B-00C04F79EFBC}") = "Project Forms", "Project Forms\Project Forms.csproj", "{492813D5-58E0-4795-93BD-DE7C407A9F27}"
EndProject
Global
	GlobalSection(SolutionConfigurationPlatforms) = preSolution
		Debug|Any CPU = Debug|Any CPU
		Release|Any CPU = Release|Any CPU
	EndGlobalSection
	GlobalSection(ProjectConfigurationPlatforms) = postSolution
		{492813D5-58E0-4795-93BD-DE7C407A9F27}.Debug|Any CPU.ActiveCfg = Debug|Any CPU
		{492813D5-58E0-4795-93BD-DE7C407A9F27}.Debug|Any CPU.Build.0 = Debug|Any CPU
		{492813D5-58E0-4795-93BD-DE7C407A9F27}.Release|Any CPU.ActiveCfg = Release|Any CPU
		{492813D5-58E0-4795-93BD-DE7C407A9F27}.Release|Any CPU.Build.0 = Release|Any CPU
	EndGlobalSection
	GlobalSection(SolutionProperties) = preSolution
		HideSolutionNode = FALSE
	EndGlobalSection
EndGlobal
